{
  "name": "@wwc/core",
  "version": "1.0.0",
  "lockfileVersion": 1,
  "requires": true,
  "dependencies": {
    "@types/deep-freeze": {
      "version": "0.1.1",
      "resolved": "https://registry.npmjs.org/@types/deep-freeze/-/deep-freeze-0.1.1.tgz",
      "integrity": "sha512-nP6a+Z7pFv8aag1N6XOI68vaM11jjpI6sSig9fPTPDP6cc33gLXbotarnDzjGjoEkXRPWcSGKeTT8qkgh936Pw==",
      "dev": true
    },
    "deep-freeze": {
      "version": "0.0.1",
      "resolved": "https://registry.npmjs.org/deep-freeze/-/deep-freeze-0.0.1.tgz",
      "integrity": "sha1-OgsABd4YZygZ39OM0x+RF5yJPoQ="
    },
    "typescript": {
      "version": "2.7.2",
      "resolved": "https://registry.npmjs.org/typescript/-/typescript-2.7.2.tgz",
      "integrity": "sha512-p5TCYZDAO0m4G344hD+wx/LATebLWZNkkh2asWUFqSsD2OrDNhbAHuSjobrmsUmdzjJjEeZVU9g1h3O6vpstnw==",
      "dev": true
    }
  }
}
